
Microsoft Visual Studio Solution File, Format Version 12.00
# Visual Studio Version 17
VisualStudioVersion = 17.9.34723.18
MinimumVisualStudioVersion = 10.0.40219.1
Project("{FAE04EC0-301F-11D3-BF4B-00C04F79EFBC}") = "Labb4MVC&Razor", "Labb4MVC&Razor\Labb4MVC&Razor.csproj", "{117FC041-42BD-4D53-B408-4985ACC79E9E}"
EndProject
Global
	GlobalSection(SolutionConfigurationPlatforms) = preSolution
		Debug|Any CPU = Debug|Any CPU
		Release|Any CPU = Release|Any CPU
	EndGlobalSection
	GlobalSection(ProjectConfigurationPlatforms) = postSolution
		{117FC041-42BD-4D53-B408-4985ACC79E9E}.Debug|Any CPU.ActiveCfg = Debug|Any CPU
		{117FC041-42BD-4D53-B408-4985ACC79E9E}.Debug|Any CPU.Build.0 = Debug|Any CPU
		{117FC041-42BD-4D53-B408-4985ACC79E9E}.Release|Any CPU.ActiveCfg = Release|Any CPU
		{117FC041-42BD-4D53-B408-4985ACC79E9E}.Release|Any CPU.Build.0 = Release|Any CPU
	EndGlobalSection
	GlobalSection(SolutionProperties) = preSolution
		HideSolutionNode = FALSE
	EndGlobalSection
	GlobalSection(ExtensibilityGlobals) = postSolution
		SolutionGuid = {F211D8CB-F2AE-4CBE-AB31-B8FED8252E48}
	EndGlobalSection
EndGlobal
